// !$*UTF8*$!
{
	archiveVersion = 1;
	classes = {
	};
	objectVersion = 46;
	objects = {

/* Begin PBXBuildFile section */
		434581891824690B00A3C143 /* Foundation.framework in Frameworks */ = {isa = PBXBuildFile; fileRef = 434581881824690B00A3C143 /* Foundation.framework */; };
		4345818B1824690B00A3C143 /* CoreGraphics.framework in Frameworks */ = {isa = PBXBuildFile; fileRef = 4345818A1824690B00A3C143 /* CoreGraphics.framework */; };
		4345818D1824690B00A3C143 /* UIKit.framework in Frameworks */ = {isa = PBXBuildFile; fileRef = 4345818C1824690B00A3C143 /* UIKit.framework */; };
		434581931824690B00A3C143 /* InfoPlist.strings in Resources */ = {isa = PBXBuildFile; fileRef = 434581911824690B00A3C143 /* InfoPlist.strings */; };
		434581951824690B00A3C143 /* main.m in Sources */ = {isa = PBXBuildFile; fileRef = 434581941824690B00A3C143 /* main.m */; };
		434581991824690B00A3C143 /* MySettingsAppDelegate.m in Sources */ = {isa = PBXBuildFile; fileRef = 434581981824690B00A3C143 /* MySettingsAppDelegate.m */; };
		4345819C1824690B00A3C143 /* Main.storyboard in Resources */ = {isa = PBXBuildFile; fileRef = 4345819A1824690B00A3C143 /* Main.storyboard */; };
		4345819F1824690B00A3C143 /* MySettingsViewController.m in Sources */ = {isa = PBXBuildFile; fileRef = 4345819E1824690B00A3C143 /* MySettingsViewController.m */; };
		434581A11824690B00A3C143 /* Images.xcassets in Resources */ = {isa = PBXBuildFile; fileRef = 434581A01824690B00A3C143 /* Images.xcassets */; };
		434581A81824690B00A3C143 /* XCTest.framework in Frameworks */ = {isa = PBXBuildFile; fileRef = 434581A71824690B00A3C143 /* XCTest.framework */; };
		434581A91824690B00A3C143 /* Foundation.framework in Frameworks */ = {isa = PBXBuildFile; fileRef = 434581881824690B00A3C143 /* Foundation.framework */; };
		434581AA1824690B00A3C143 /* UIKit.framework in Frameworks */ = {isa = PBXBuildFile; fileRef = 4345818C1824690B00A3C143 /* UIKit.framework */; };
		434581B21824690B00A3C143 /* InfoPlist.strings in Resources */ = {isa = PBXBuildFile; fileRef = 434581B01824690B00A3C143 /* InfoPlist.strings */; };
		434581B41824690B00A3C143 /* MySettingsTests.m in Sources */ = {isa = PBXBuildFile; fileRef = 434581B31824690B00A3C143 /* MySettingsTests.m */; };
		434581BE182496D500A3C143 /* Settings.bundle in Resources */ = {isa = PBXBuildFile; fileRef = 434581BD182496D500A3C143 /* Settings.bundle */; };
/* End PBXBuildFile section */

/* Begin PBXContainerItemProxy section */
		434581AB1824690B00A3C143 /* PBXContainerItemProxy */ = {
			isa = PBXContainerItemProxy;
			containerPortal = 4345817D1824690B00A3C143 /* Project object */;
			proxyType = 1;
			remoteGlobalIDString = 434581841824690B00A3C143;
			remoteInfo = MySettings;
		};
/* End PBXContainerItemProxy section */

/* Begin PBXFileReference section */
		434581851824690B00A3C143 /* MySettings.app */ = {isa = PBXFileReference; explicitFileType = wrapper.application; includeInIndex = 0; path = MySettings.app; sourceTree = BUILT_PRODUCTS_DIR; };
		434581881824690B00A3C143 /* Foundation.framework */ = {isa = PBXFileReference; lastKnownFileType = wrapper.framework; name = Foundation.framework; path = System/Library/Frameworks/Foundation.framework; sourceTree = SDKROOT; };
		4345818A1824690B00A3C143 /* CoreGraphics.framework */ = {isa = PBXFileReference; lastKnownFileType = wrapper.framework; name = CoreGraphics.framework; path = System/Library/Frameworks/CoreGraphics.framework; sourceTree = SDKROOT; };
		4345818C1824690B00A3C143 /* UIKit.framework */ = {isa = PBXFileReference; lastKnownFileType = wrapper.framework; name = UIKit.framework; path = System/Library/Frameworks/UIKit.framework; sourceTree = SDKROOT; };
		434581901824690B00A3C143 /* MySettings-Info.plist */ = {isa = PBXFileReference; lastKnownFileType = text.plist.xml; path = "MySettings-Info.plist"; sourceTree = "<group>"; };
		434581921824690B00A3C143 /* en */ = {isa = PBXFileReference; lastKnownFileType = text.plist.strings; name = en; path = en.lproj/InfoPlist.strings; sourceTree = "<group>"; };
		434581941824690B00A3C143 /* main.m */ = {isa = PBXFileReference; lastKnownFileType = sourcecode.c.objc; path = main.m; sourceTree = "<group>"; };
		434581961824690B00A3C143 /* MySettings-Prefix.pch */ = {isa = PBXFileReference; lastKnownFileType = sourcecode.c.h; path = "MySettings-Prefix.pch"; sourceTree = "<group>"; };
		434581971824690B00A3C143 /* MySettingsAppDelegate.h */ = {isa = PBXFileReference; lastKnownFileType = sourcecode.c.h; path = MySettingsAppDelegate.h; sourceTree = "<group>"; };
		434581981824690B00A3C143 /* MySettingsAppDelegate.m */ = {isa = PBXFileReference; lastKnownFileType = sourcecode.c.objc; path = MySettingsAppDelegate.m; sourceTree = "<group>"; };
		4345819B1824690B00A3C143 /* Base */ = {isa = PBXFileReference; lastKnownFileType = file.storyboard; name = Base; path = Base.lproj/Main.storyboard; sourceTree = "<group>"; };
		4345819D1824690B00A3C143 /* MySettingsViewController.h */ = {isa = PBXFileReference; lastKnownFileType = sourcecode.c.h; path = MySettingsViewController.h; sourceTree = "<group>"; };
		4345819E1824690B00A3C143 /* MySettingsViewController.m */ = {isa = PBXFileReference; lastKnownFileType = sourcecode.c.objc; path = MySettingsViewController.m; sourceTree = "<group>"; };
		434581A01824690B00A3C143 /* Images.xcassets */ = {isa = PBXFileReference; lastKnownFileType = folder.assetcatalog; path = Images.xcassets; sourceTree = "<group>"; };
		434581A61824690B00A3C143 /* MySettingsTests.xctest */ = {isa = PBXFileReference; explicitFileType = wrapper.cfbundle; includeInIndex = 0; path = MySettingsTests.xctest; sourceTree = BUILT_PRODUCTS_DIR; };
		434581A71824690B00A3C143 /* XCTest.framework */ = {isa = PBXFileReference; lastKnownFileType = wrapper.framework; name = XCTest.framework; path = Library/Frameworks/XCTest.framework; sourceTree = DEVELOPER_DIR; };
		434581AF1824690B00A3C143 /* MySettingsTests-Info.plist */ = {isa = PBXFileReference; lastKnownFileType = text.plist.xml; path = "MySettingsTests-Info.plist"; sourceTree = "<group>"; };
		434581B11824690B00A3C143 /* en */ = {isa = PBXFileReference; lastKnownFileType = text.plist.strings; name = en; path = en.lproj/InfoPlist.strings; sourceTree = "<group>"; };
		434581B31824690B00A3C143 /* MySettingsTests.m */ = {isa = PBXFileReference; lastKnownFileType = sourcecode.c.objc; path = MySettingsTests.m; sourceTree = "<group>"; };
		434581BD182496D500A3C143 /* Settings.bundle */ = {isa = PBXFileReference; lastKnownFileType = "wrapper.plug-in"; path = Settings.bundle; sourceTree = "<group>"; };
/* End PBXFileReference section */

/* Begin PBXFrameworksBuildPhase section */
		434581821824690B00A3C143 /* Frameworks */ = {
			isa = PBXFrameworksBuildPhase;
			buildActionMask = 2147483647;
			files = (
				4345818B1824690B00A3C143 /* CoreGraphics.framework in Frameworks */,
				4345818D1824690B00A3C143 /* UIKit.framework in Frameworks */,
				434581891824690B00A3C143 /* Foundation.framework in Frameworks */,
			);
			runOnlyForDeploymentPostprocessing = 0;
		};
		434581A31824690B00A3C143 /* Frameworks */ = {
			isa = PBXFrameworksBuildPhase;
			buildActionMask = 2147483647;
			files = (
				434581A81824690B00A3C143 /* XCTest.framework in Frameworks */,
				434581AA1824690B00A3C143 /* UIKit.framework in Frameworks */,
				434581A91824690B00A3C143 /* Foundation.framework in Frameworks */,
			);
			runOnlyForDeploymentPostprocessing = 0;
		};
/* End PBXFrameworksBuildPhase section */

/* Begin PBXGroup section */
		4345817C1824690B00A3C143 = {
			isa = PBXGroup;
			children = (
				434581BD182496D500A3C143 /* Settings.bundle */,
				4345818E1824690B00A3C143 /* MySettings */,
				434581AD1824690B00A3C143 /* MySettingsTests */,
				434581871824690B00A3C143 /* Frameworks */,
				434581861824690B00A3C143 /* Products */,
			);
			sourceTree = "<group>";
		};
		434581861824690B00A3C143 /* Products */ = {
			isa = PBXGroup;
			children = (
				434581851824690B00A3C143 /* MySettings.app */,
				434581A61824690B00A3C143 /* MySettingsTests.xctest */,
			);
			name = Products;
			sourceTree = "<group>";
		};
		434581871824690B00A3C143 /* Frameworks */ = {
			isa = PBXGroup;
			children = (
				434581881824690B00A3C143 /* Foundation.framework */,
				4345818A1824690B00A3C143 /* CoreGraphics.framework */,
				4345818C1824690B00A3C143 /* UIKit.framework */,
				434581A71824690B00A3C143 /* XCTest.framework */,
			);
			name = Frameworks;
			sourceTree = "<group>";
		};
		4345818E1824690B00A3C143 /* MySettings */ = {
			isa = PBXGroup;
			children = (
				434581971824690B00A3C143 /* MySettingsAppDelegate.h */,
				434581981824690B00A3C143 /* MySettingsAppDelegate.m */,
				4345819A1824690B00A3C143 /* Main.storyboard */,
				4345819D1824690B00A3C143 /* MySettingsViewController.h */,
				4345819E1824690B00A3C143 /* MySettingsViewController.m */,
				434581A01824690B00A3C143 /* Images.xcassets */,
				4345818F1824690B00A3C143 /* Supporting Files */,
			);
			path = MySettings;
			sourceTree = "<group>";
		};
		4345818F1824690B00A3C143 /* Supporting Files */ = {
			isa = PBXGroup;
			children = (
				434581901824690B00A3C143 /* MySettings-Info.plist */,
				434581911824690B00A3C143 /* InfoPlist.strings */,
				434581941824690B00A3C143 /* main.m */,
				434581961824690B00A3C143 /* MySettings-Prefix.pch */,
			);
			name = "Supporting Files";
			sourceTree = "<group>";
		};
		434581AD1824690B00A3C143 /* MySettingsTests */ = {
			isa = PBXGroup;
			children = (
				434581B31824690B00A3C143 /* MySettingsTests.m */,
				434581AE1824690B00A3C143 /* Supporting Files */,
			);
			path = MySettingsTests;
			sourceTree = "<group>";
		};
		434581AE1824690B00A3C143 /* Supporting Files */ = {
			isa = PBXGroup;
			children = (
				434581AF1824690B00A3C143 /* MySettingsTests-Info.plist */,
				434581B01824690B00A3C143 /* InfoPlist.strings */,
			);
			name = "Supporting Files";
			sourceTree = "<group>";
		};
/* End PBXGroup section */

/* Begin PBXNativeTarget section */
		434581841824690B00A3C143 /* MySettings */ = {
			isa = PBXNativeTarget;
			buildConfigurationList = 434581B71824690B00A3C143 /* Build configuration list for PBXNativeTarget "MySettings" */;
			buildPhases = (
				434581811824690B00A3C143 /* Sources */,
				434581821824690B00A3C143 /* Frameworks */,
				434581831824690B00A3C143 /* Resources */,
			);
			buildRules = (
			);
			dependencies = (
			);
			name = MySettings;
			productName = MySettings;
			productReference = 434581851824690B00A3C143 /* MySettings.app */;
			productType = "com.apple.product-type.application";
		};
		434581A51824690B00A3C143 /* MySettingsTests */ = {
			isa = PBXNativeTarget;
			buildConfigurationList = 434581BA1824690B00A3C143 /* Build configuration list for PBXNativeTarget "MySettingsTests" */;
			buildPhases = (
				434581A21824690B00A3C143 /* Sources */,
				434581A31824690B00A3C143 /* Frameworks */,
				434581A41824690B00A3C143 /* Resources */,
			);
			buildRules = (
			);
			dependencies = (
				434581AC1824690B00A3C143 /* PBXTargetDependency */,
			);
			name = MySettingsTests;
			productName = MySettingsTests;
			productReference = 434581A61824690B00A3C143 /* MySettingsTests.xctest */;
			productType = "com.apple.product-type.bundle.unit-test";
		};
/* End PBXNativeTarget section */

/* Begin PBXProject section */
		4345817D1824690B00A3C143 /* Project object */ = {
			isa = PBXProject;
			attributes = {
				CLASSPREFIX = MySettings;
				LastUpgradeCheck = 0500;
				ORGANIZATIONNAME = "RVC Student";
				TargetAttributes = {
					434581A51824690B00A3C143 = {
						TestTargetID = 434581841824690B00A3C143;
					};
				};
			};
			buildConfigurationList = 434581801824690B00A3C143 /* Build configuration list for PBXProject "MySettings" */;
			compatibilityVersion = "Xcode 3.2";
			developmentRegion = English;
			hasScannedForEncodings = 0;
			knownRegions = (
				en,
				Base,
			);
			mainGroup = 4345817C1824690B00A3C143;
			productRefGroup = 434581861824690B00A3C143 /* Products */;
			projectDirPath = "";
			projectRoot = "";
			targets = (
				434581841824690B00A3C143 /* MySettings */,
				434581A51824690B00A3C143 /* MySettingsTests */,
			);
		};
/* End PBXProject section */

/* Begin PBXResourcesBuildPhase section */
		434581831824690B00A3C143 /* Resources */ = {
			isa = PBXResourcesBuildPhase;
			buildActionMask = 2147483647;
			files = (
				434581BE182496D500A3C143 /* Settings.bundle in Resources */,
				434581A11824690B00A3C143 /* Images.xcassets in Resources */,
				434581931824690B00A3C143 /* InfoPlist.strings in Resources */,
				4345819C1824690B00A3C143 /* Main.storyboard in Resources */,
			);
			runOnlyForDeploymentPostprocessing = 0;
		};
		434581A41824690B00A3C143 /* Resources */ = {
			isa = PBXResourcesBuildPhase;
			buildActionMask = 2147483647;
			files = (
				434581B21824690B00A3C143 /* InfoPlist.strings in Resources */,
			);
			runOnlyForDeploymentPostprocessing = 0;
		};
/* End PBXResourcesBuildPhase section */

/* Begin PBXSourcesBuildPhase section */
		434581811824690B00A3C143 /* Sources */ = {
			isa = PBXSourcesBuildPhase;
			buildActionMask = 2147483647;
			files = (
				434581951824690B00A3C143 /* main.m in Sources */,
				4345819F1824690B00A3C143 /* MySettingsViewController.m in Sources */,
				434581991824690B00A3C143 /* MySettingsAppDelegate.m in Sources */,
			);
			runOnlyForDeploymentPostprocessing = 0;
		};
		434581A21824690B00A3C143 /* Sources */ = {
			isa = PBXSourcesBuildPhase;
			buildActionMask = 2147483647;
			files = (
				434581B41824690B00A3C143 /* MySettingsTests.m in Sources */,
			);
			runOnlyForDeploymentPostprocessing = 0;
		};
/* End PBXSourcesBuildPhase section */

/* Begin PBXTargetDependency section */
		434581AC1824690B00A3C143 /* PBXTargetDependency */ = {
			isa = PBXTargetDependency;
			target = 434581841824690B00A3C143 /* MySettings */;
			targetProxy = 434581AB1824690B00A3C143 /* PBXContainerItemProxy */;
		};
/* End PBXTargetDependency section */

/* Begin PBXVariantGroup section */
		434581911824690B00A3C143 /* InfoPlist.strings */ = {
			isa = PBXVariantGroup;
			children = (
				434581921824690B00A3C143 /* en */,
			);
			name = InfoPlist.strings;
			sourceTree = "<group>";
		};
		4345819A1824690B00A3C143 /* Main.storyboard */ = {
			isa = PBXVariantGroup;
			children = (
				4345819B1824690B00A3C143 /* Base */,
			);
			name = Main.storyboard;
			sourceTree = "<group>";
		};
		434581B01824690B00A3C143 /* InfoPlist.strings */ = {
			isa = PBXVariantGroup;
			children = (
				434581B11824690B00A3C143 /* en */,
			);
			name = InfoPlist.strings;
			sourceTree = "<group>";
		};
/* End PBXVariantGroup section */

/* Begin XCBuildConfiguration section */
		434581B51824690B00A3C143 /* Debug */ = {
			isa = XCBuildConfiguration;
			buildSettings = {
				ALWAYS_SEARCH_USER_PATHS = NO;
				ARCHS = "$(ARCHS_STANDARD_INCLUDING_64_BIT)";
				CLANG_CXX_LANGUAGE_STANDARD = "gnu++0x";
				CLANG_CXX_LIBRARY = "libc++";
				CLANG_ENABLE_MODULES = YES;
				CLANG_ENABLE_OBJC_ARC = YES;
				CLANG_WARN_BOOL_CONVERSION = YES;
				CLANG_WARN_CONSTANT_CONVERSION = YES;
				CLANG_WARN_DIRECT_OBJC_ISA_USAGE = YES_ERROR;
				CLANG_WARN_EMPTY_BODY = YES;
				CLANG_WARN_ENUM_CONVERSION = YES;
				CLANG_WARN_INT_CONVERSION = YES;
				CLANG_WARN_OBJC_ROOT_CLASS = YES_ERROR;
				CLANG_WARN__DUPLICATE_METHOD_MATCH = YES;
				"CODE_SIGN_IDENTITY[sdk=iphoneos*]" = "iPhone Developer";
				COPY_PHASE_STRIP = NO;
				GCC_C_LANGUAGE_STANDARD = gnu99;
				GCC_DYNAMIC_NO_PIC = NO;
				GCC_OPTIMIZATION_LEVEL = 0;
				GCC_PREPROCESSOR_DEFINITIONS = (
					"DEBUG=1",
					"$(inherited)",
				);
				GCC_SYMBOLS_PRIVATE_EXTERN = NO;
				GCC_WARN_64_TO_32_BIT_CONVERSION = YES;
				GCC_WARN_ABOUT_RETURN_TYPE = YES_ERROR;
				GCC_WARN_UNDECLARED_SELECTOR = YES;
				GCC_WARN_UNINITIALIZED_AUTOS = YES;
				GCC_WARN_UNUSED_FUNCTION = YES;
				GCC_WARN_UNUSED_VARIABLE = YES;
				IPHONEOS_DEPLOYMENT_TARGET = 7.0;
				ONLY_ACTIVE_ARCH = YES;
				SDKROOT = iphoneos;
			};
			name = Debug;
		};
		434581B61824690B00A3C143 /* Release */ = {
			isa = XCBuildConfiguration;
			buildSettings = {
				ALWAYS_SEARCH_USER_PATHS = NO;
				ARCHS = "$(ARCHS_STANDARD_INCLUDING_64_BIT)";
				CLANG_CXX_LANGUAGE_STANDARD = "gnu++0x";
				CLANG_CXX_LIBRARY = "libc++";
				CLANG_ENABLE_MODULES = YES;
				CLANG_ENABLE_OBJC_ARC = YES;
				CLANG_WARN_BOOL_CONVERSION = YES;
				CLANG_WARN_CONSTANT_CONVERSION = YES;
				CLANG_WARN_DIRECT_OBJC_ISA_USAGE = YES_ERROR;
				CLANG_WARN_EMPTY_BODY = YES;
				CLANG_WARN_ENUM_CONVERSION = YES;
				CLANG_WARN_INT_CONVERSION = YES;
				CLANG_WARN_OBJC_ROOT_CLASS = YES_ERROR;
				CLANG_WARN__DUPLICATE_METHOD_MATCH = YES;
				"CODE_SIGN_IDENTITY[sdk=iphoneos*]" = "iPhone Developer";
				COPY_PHASE_STRIP = YES;
				ENABLE_NS_ASSERTIONS = NO;
				GCC_C_LANGUAGE_STANDARD = gnu99;
				GCC_WARN_64_TO_32_BIT_CONVERSION = YES;
				GCC_WARN_ABOUT_RETURN_TYPE = YES_ERROR;
				GCC_WARN_UNDECLARED_SELECTOR = YES;
				GCC_WARN_UNINITIALIZED_AUTOS = YES;
				GCC_WARN_UNUSED_FUNCTION = YES;
				GCC_WARN_UNUSED_VARIABLE = YES;
				IPHONEOS_DEPLOYMENT_TARGET = 7.0;
				SDKROOT = iphoneos;
				VALIDATE_PRODUCT = YES;
			};
			name = Release;
		};
		434581B81824690B00A3C143 /* Debug */ = {
			isa = XCBuildConfiguration;
			buildSettings = {
				ASSETCATALOG_COMPILER_APPICON_NAME = AppIcon;
				ASSETCATALOG_COMPILER_LAUNCHIMAGE_NAME = LaunchImage;
				GCC_PRECOMPILE_PREFIX_HEADER = YES;
				GCC_PREFIX_HEADER = "MySettings/MySettings-Prefix.pch";
				INFOPLIST_FILE = "MySettings/MySettings-Info.plist";
				PRODUCT_NAME = "$(TARGET_NAME)";
				WRAPPER_EXTENSION = app;
			};
			name = Debug;
		};
		434581B91824690B00A3C143 /* Release */ = {
			isa = XCBuildConfiguration;
			buildSettings = {
				ASSETCATALOG_COMPILER_APPICON_NAME = AppIcon;
				ASSETCATALOG_COMPILER_LAUNCHIMAGE_NAME = LaunchImage;
				GCC_PRECOMPILE_PREFIX_HEADER = YES;
				GCC_PREFIX_HEADER = "MySettings/MySettings-Prefix.pch";
				INFOPLIST_FILE = "MySettings/MySettings-Info.plist";
				PRODUCT_NAME = "$(TARGET_NAME)";
				WRAPPER_EXTENSION = app;
			};
			name = Release;
		};
		434581BB1824690B00A3C143 /* Debug */ = {
			isa = XCBuildConfiguration;
			buildSettings = {
				ARCHS = "$(ARCHS_STANDARD_INCLUDING_64_BIT)";
				BUNDLE_LOADER = "$(BUILT_PRODUCTS_DIR)/MySettings.app/MySettings";
				FRAMEWORK_SEARCH_PATHS = (
					"$(SDKROOT)/Developer/Library/Frameworks",
					"$(inherited)",
					"$(DEVELOPER_FRAMEWORKS_DIR)",
				);
				GCC_PRECOMPILE_PREFIX_HEADER = YES;
				GCC_PREFIX_HEADER = "MySettings/MySettings-Prefix.pch";
				GCC_PREPROCESSOR_DEFINITIONS = (
					"DEBUG=1",
					"$(inherited)",
				);
				INFOPLIST_FILE = "MySettingsTests/MySettingsTests-Info.plist";
				PRODUCT_NAME = "$(TARGET_NAME)";
				TEST_HOST = "$(BUNDLE_LOADER)";
				WRAPPER_EXTENSION = xctest;
			};
			name = Debug;
		};
		434581BC1824690B00A3C143 /* Release */ = {
			isa = XCBuildConfiguration;
			buildSettings = {
				ARCHS = "$(ARCHS_STANDARD_INCLUDING_64_BIT)";
				BUNDLE_LOADER = "$(BUILT_PRODUCTS_DIR)/MySettings.app/MySettings";
				FRAMEWORK_SEARCH_PATHS = (
					"$(SDKROOT)/Developer/Library/Frameworks",
					"$(inherited)",
					"$(DEVELOPER_FRAMEWORKS_DIR)",
				);
				GCC_PRECOMPILE_PREFIX_HEADER = YES;
				GCC_PREFIX_HEADER = "MySettings/MySettings-Prefix.pch";
				INFOPLIST_FILE = "MySettingsTests/MySettingsTests-Info.plist";
				PRODUCT_NAME = "$(TARGET_NAME)";
				TEST_HOST = "$(BUNDLE_LOADER)";
				WRAPPER_EXTENSION = xctest;
			};
			name = Release;
		};
/* End XCBuildConfiguration section */

/* Begin XCConfigurationList section */
		434581801824690B00A3C143 /* Build configuration list for PBXProject "MySettings" */ = {
			isa = XCConfigurationList;
			buildConfigurations = (
				434581B51824690B00A3C143 /* Debug */,
				434581B61824690B00A3C143 /* Release */,
			);
			defaultConfigurationIsVisible = 0;
			defaultConfigurationName = Release;
		};
		434581B71824690B00A3C143 /* Build configuration list for PBXNativeTarget "MySettings" */ = {
			isa = XCConfigurationList;
			buildConfigurations = (
				434581B81824690B00A3C143 /* Debug */,
				434581B91824690B00A3C143 /* Release */,
			);
			defaultConfigurationIsVisible = 0;
		};
		434581BA1824690B00A3C143 /* Build configuration list for PBXNativeTarget "MySettingsTests" */ = {
			isa = XCConfigurationList;
			buildConfigurations = (
				434581BB1824690B00A3C143 /* Debug */,
				434581BC1824690B00A3C143 /* Release */,
			);
			defaultConfigurationIsVisible = 0;
		};
/* End XCConfigurationList section */
	};
	rootObject = 4345817D1824690B00A3C143 /* Project object */;
}
